
Microsoft Visual Studio Solution File, Format Version 12.00
# Visual Studio 15
VisualStudioVersion = 15.0.28307.705
MinimumVisualStudioVersion = 10.0.40219.1
Project("{9A19103F-16F7-4668-BE54-9A1E7A4F7556}") = "HttpServer", "HttpServer.csproj", "{56746245-326C-4F21-B450-991EBCF14646}"
EndProject
Global
	GlobalSection(SolutionConfigurationPlatforms) = preSolution
		Debug|Any CPU = Debug|Any CPU
		Release|Any CPU = Release|Any CPU
	EndGlobalSection
	GlobalSection(ProjectConfigurationPlatforms) = postSolution
		{56746245-326C-4F21-B450-991EBCF14646}.Debug|Any CPU.ActiveCfg = Debug|Any CPU
		{56746245-326C-4F21-B450-991EBCF14646}.Debug|Any CPU.Build.0 = Debug|Any CPU
		{56746245-326C-4F21-B450-991EBCF14646}.Release|Any CPU.ActiveCfg = Release|Any CPU
		{56746245-326C-4F21-B450-991EBCF14646}.Release|Any CPU.Build.0 = Release|Any CPU
	EndGlobalSection
	GlobalSection(SolutionProperties) = preSolution
		HideSolutionNode = FALSE
	EndGlobalSection
	GlobalSection(ExtensibilityGlobals) = postSolution
		SolutionGuid = {AFAB4DAC-AED3-4533-A6EC-6BCD2C83A738}
	EndGlobalSection
EndGlobal
